// !$*UTF8*$!
{
	archiveVersion = 1;
	classes = {
	};
	objectVersion = 48;
	objects = {

/* Begin PBXBuildFile section */
		2041FB4321EED4E500179647 /* PersonalViewController.swift in Sources */ = {isa = PBXBuildFile; fileRef = 2041FB3021EED4E500179647 /* PersonalViewController.swift */; };
		2041FB4421EED4E500179647 /* NextHomeViewController.swift in Sources */ = {isa = PBXBuildFile; fileRef = 2041FB3221EED4E500179647 /* NextHomeViewController.swift */; };
		2041FB4521EED4E500179647 /* HomeViewController.swift in Sources */ = {isa = PBXBuildFile; fileRef = 2041FB3321EED4E500179647 /* HomeViewController.swift */; };
		2041FB4621EED4E500179647 /* NextHomeViewController.xib in Resources */ = {isa = PBXBuildFile; fileRef = 2041FB3421EED4E500179647 /* NextHomeViewController.xib */; };
		2041FB4721EED4E500179647 /* ConnectionViewController.swift in Sources */ = {isa = PBXBuildFile; fileRef = 2041FB3621EED4E500179647 /* ConnectionViewController.swift */; };
		2041FB4821EED4E500179647 /* ViewController.swift in Sources */ = {isa = PBXBuildFile; fileRef = 2041FB3821EED4E500179647 /* ViewController.swift */; };
		2041FB4921EED4E500179647 /* UIColor+Extension.swift in Sources */ = {isa = PBXBuildFile; fileRef = 2041FB3921EED4E500179647 /* UIColor+Extension.swift */; };
		2041FB4A21EED4E500179647 /* ColorExtensions.swift in Sources */ = {isa = PBXBuildFile; fileRef = 2041FB3A21EED4E500179647 /* ColorExtensions.swift */; };
		2041FB4B21EED4E500179647 /* AppDelegate.swift in Sources */ = {isa = PBXBuildFile; fileRef = 2041FB3B21EED4E500179647 /* AppDelegate.swift */; };
		2041FB4C21EED4E500179647 /* MessageViewController.swift in Sources */ = {isa = PBXBuildFile; fileRef = 2041FB3D21EED4E500179647 /* MessageViewController.swift */; };
		2041FB4D21EED4E500179647 /* PublishViewController.swift in Sources */ = {isa = PBXBuildFile; fileRef = 2041FB3F21EED4E500179647 /* PublishViewController.swift */; };
		2041FB4E21EED4E500179647 /* MainTabBarController.swift in Sources */ = {isa = PBXBuildFile; fileRef = 2041FB4121EED4E500179647 /* MainTabBarController.swift */; };
		2041FB4F21EED4E500179647 /* CYLPlusButtonSubclass.swift in Sources */ = {isa = PBXBuildFile; fileRef = 2041FB4221EED4E500179647 /* CYLPlusButtonSubclass.swift */; };
		2041FB5121EED56700179647 /* Assets.xcassets in Resources */ = {isa = PBXBuildFile; fileRef = 2041FB5021EED56700179647 /* Assets.xcassets */; };
		20F0DC1A21DEF5C1004DF885 /* Main.storyboard in Resources */ = {isa = PBXBuildFile; fileRef = 20F0DC1821DEF5C1004DF885 /* Main.storyboard */; };
		20F0DC1F21DEF5C1004DF885 /* LaunchScreen.storyboard in Resources */ = {isa = PBXBuildFile; fileRef = 20F0DC1D21DEF5C1004DF885 /* LaunchScreen.storyboard */; };
		803D89295658D82BA6E3E243 /* Pods_tea_mall_ios.framework in Frameworks */ = {isa = PBXBuildFile; fileRef = EAE91A4FE9428EA7942FCF8F /* Pods_tea_mall_ios.framework */; };
/* End PBXBuildFile section */

/* Begin PBXFileReference section */
		202188A04F28AE8E62C6C41B /* Pods-tea-mall-ios.debug.xcconfig */ = {isa = PBXFileReference; includeInIndex = 1; lastKnownFileType = text.xcconfig; name = "Pods-tea-mall-ios.debug.xcconfig"; path = "Pods/Target Support Files/Pods-tea-mall-ios/Pods-tea-mall-ios.debug.xcconfig"; sourceTree = "<group>"; };
		2041FB3021EED4E500179647 /* PersonalViewController.swift */ = {isa = PBXFileReference; fileEncoding = 4; lastKnownFileType = sourcecode.swift; path = PersonalViewController.swift; sourceTree = "<group>"; };
		2041FB3221EED4E500179647 /* NextHomeViewController.swift */ = {isa = PBXFileReference; fileEncoding = 4; lastKnownFileType = sourcecode.swift; path = NextHomeViewController.swift; sourceTree = "<group>"; };
		2041FB3321EED4E500179647 /* HomeViewController.swift */ = {isa = PBXFileReference; fileEncoding = 4; lastKnownFileType = sourcecode.swift; path = HomeViewController.swift; sourceTree = "<group>"; };
		2041FB3421EED4E500179647 /* NextHomeViewController.xib */ = {isa = PBXFileReference; fileEncoding = 4; lastKnownFileType = file.xib; path = NextHomeViewController.xib; sourceTree = "<group>"; };
		2041FB3621EED4E500179647 /* ConnectionViewController.swift */ = {isa = PBXFileReference; fileEncoding = 4; lastKnownFileType = sourcecode.swift; path = ConnectionViewController.swift; sourceTree = "<group>"; };
		2041FB3821EED4E500179647 /* ViewController.swift */ = {isa = PBXFileReference; fileEncoding = 4; lastKnownFileType = sourcecode.swift; path = ViewController.swift; sourceTree = "<group>"; };
		2041FB3921EED4E500179647 /* UIColor+Extension.swift */ = {isa = PBXFileReference; fileEncoding = 4; lastKnownFileType = sourcecode.swift; path = "UIColor+Extension.swift"; sourceTree = "<group>"; };
		2041FB3A21EED4E500179647 /* ColorExtensions.swift */ = {isa = PBXFileReference; fileEncoding = 4; lastKnownFileType = sourcecode.swift; path = ColorExtensions.swift; sourceTree = "<group>"; };
		2041FB3B21EED4E500179647 /* AppDelegate.swift */ = {isa = PBXFileReference; fileEncoding = 4; lastKnownFileType = sourcecode.swift; path = AppDelegate.swift; sourceTree = "<group>"; };
		2041FB3D21EED4E500179647 /* MessageViewController.swift */ = {isa = PBXFileReference; fileEncoding = 4; lastKnownFileType = sourcecode.swift; path = MessageViewController.swift; sourceTree = "<group>"; };
		2041FB3F21EED4E500179647 /* PublishViewController.swift */ = {isa = PBXFileReference; fileEncoding = 4; lastKnownFileType = sourcecode.swift; path = PublishViewController.swift; sourceTree = "<group>"; };
		2041FB4121EED4E500179647 /* MainTabBarController.swift */ = {isa = PBXFileReference; fileEncoding = 4; lastKnownFileType = sourcecode.swift; path = MainTabBarController.swift; sourceTree = "<group>"; };
		2041FB4221EED4E500179647 /* CYLPlusButtonSubclass.swift */ = {isa = PBXFileReference; fileEncoding = 4; lastKnownFileType = sourcecode.swift; path = CYLPlusButtonSubclass.swift; sourceTree = "<group>"; };
		2041FB5021EED56700179647 /* Assets.xcassets */ = {isa = PBXFileReference; lastKnownFileType = folder.assetcatalog; name = Assets.xcassets; path = "tea-mall-ios/Assets.xcassets"; sourceTree = "<group>"; };
		20F0DC1121DEF5C1004DF885 /* tea-mall-ios.app */ = {isa = PBXFileReference; explicitFileType = wrapper.application; includeInIndex = 0; path = "tea-mall-ios.app"; sourceTree = BUILT_PRODUCTS_DIR; };
		20F0DC1421DEF5C1004DF885 /* AppDelegate.swift */ = {isa = PBXFileReference; lastKnownFileType = sourcecode.swift; path = AppDelegate.swift; sourceTree = "<group>"; };
		20F0DC1621DEF5C1004DF885 /* ViewController.swift */ = {isa = PBXFileReference; lastKnownFileType = sourcecode.swift; path = ViewController.swift; sourceTree = "<group>"; };
		20F0DC1921DEF5C1004DF885 /* Base */ = {isa = PBXFileReference; lastKnownFileType = file.storyboard; name = Base; path = Base.lproj/Main.storyboard; sourceTree = "<group>"; };
		20F0DC1B21DEF5C1004DF885 /* Assets.xcassets */ = {isa = PBXFileReference; lastKnownFileType = folder.assetcatalog; path = Assets.xcassets; sourceTree = "<group>"; };
		20F0DC1E21DEF5C1004DF885 /* Base */ = {isa = PBXFileReference; lastKnownFileType = file.storyboard; name = Base; path = Base.lproj/LaunchScreen.storyboard; sourceTree = "<group>"; };
		20F0DC2021DEF5C1004DF885 /* Info.plist */ = {isa = PBXFileReference; lastKnownFileType = text.plist.xml; path = Info.plist; sourceTree = "<group>"; };
		4D0FC27DF88F54318851FF63 /* Pods-tea-mall-ios.release.xcconfig */ = {isa = PBXFileReference; includeInIndex = 1; lastKnownFileType = text.xcconfig; name = "Pods-tea-mall-ios.release.xcconfig"; path = "Pods/Target Support Files/Pods-tea-mall-ios/Pods-tea-mall-ios.release.xcconfig"; sourceTree = "<group>"; };
		EAE91A4FE9428EA7942FCF8F /* Pods_tea_mall_ios.framework */ = {isa = PBXFileReference; explicitFileType = wrapper.framework; includeInIndex = 0; path = Pods_tea_mall_ios.framework; sourceTree = BUILT_PRODUCTS_DIR; };
/* End PBXFileReference section */

/* Begin PBXFrameworksBuildPhase section */
		20F0DC0E21DEF5C1004DF885 /* Frameworks */ = {
			isa = PBXFrameworksBuildPhase;
			buildActionMask = 2147483647;
			files = (
				803D89295658D82BA6E3E243 /* Pods_tea_mall_ios.framework in Frameworks */,
			);
			runOnlyForDeploymentPostprocessing = 0;
		};
/* End PBXFrameworksBuildPhase section */

/* Begin PBXGroup section */
		0B56174B7F64580522EC2F68 /* Pods */ = {
			isa = PBXGroup;
			children = (
				202188A04F28AE8E62C6C41B /* Pods-tea-mall-ios.debug.xcconfig */,
				4D0FC27DF88F54318851FF63 /* Pods-tea-mall-ios.release.xcconfig */,
			);
			name = Pods;
			sourceTree = "<group>";
		};
		2041FB2E21EED4E500179647 /* Classes */ = {
			isa = PBXGroup;
			children = (
				2041FB2F21EED4E500179647 /* Personal */,
				2041FB3121EED4E500179647 /* Home */,
				2041FB3521EED4E500179647 /* Connection */,
				2041FB3721EED4E500179647 /* Other */,
				2041FB3C21EED4E500179647 /* Message */,
				2041FB3E21EED4E500179647 /* Publish */,
				2041FB4021EED4E500179647 /* Main */,
			);
			name = Classes;
			path = "tea-mall-ios/Classes";
			sourceTree = "<group>";
		};
		2041FB2F21EED4E500179647 /* Personal */ = {
			isa = PBXGroup;
			children = (
				2041FB3021EED4E500179647 /* PersonalViewController.swift */,
			);
			path = Personal;
			sourceTree = "<group>";
		};
		2041FB3121EED4E500179647 /* Home */ = {
			isa = PBXGroup;
			children = (
				2041FB3221EED4E500179647 /* NextHomeViewController.swift */,
				2041FB3321EED4E500179647 /* HomeViewController.swift */,
				2041FB3421EED4E500179647 /* NextHomeViewController.xib */,
			);
			path = Home;
			sourceTree = "<group>";
		};
		2041FB3521EED4E500179647 /* Connection */ = {
			isa = PBXGroup;
			children = (
				2041FB3621EED4E500179647 /* ConnectionViewController.swift */,
			);
			path = Connection;
			sourceTree = "<group>";
		};
		2041FB3721EED4E500179647 /* Other */ = {
			isa = PBXGroup;
			children = (
				2041FB3821EED4E500179647 /* ViewController.swift */,
				2041FB3921EED4E500179647 /* UIColor+Extension.swift */,
				2041FB3A21EED4E500179647 /* ColorExtensions.swift */,
				2041FB3B21EED4E500179647 /* AppDelegate.swift */,
			);
			path = Other;
			sourceTree = "<group>";
		};
		2041FB3C21EED4E500179647 /* Message */ = {
			isa = PBXGroup;
			children = (
				2041FB3D21EED4E500179647 /* MessageViewController.swift */,
			);
			path = Message;
			sourceTree = "<group>";
		};
		2041FB3E21EED4E500179647 /* Publish */ = {
			isa = PBXGroup;
			children = (
				2041FB3F21EED4E500179647 /* PublishViewController.swift */,
			);
			path = Publish;
			sourceTree = "<group>";
		};
		2041FB4021EED4E500179647 /* Main */ = {
			isa = PBXGroup;
			children = (
				2041FB4121EED4E500179647 /* MainTabBarController.swift */,
				2041FB4221EED4E500179647 /* CYLPlusButtonSubclass.swift */,
			);
			path = Main;
			sourceTree = "<group>";
		};
		20F0DC0821DEF5C1004DF885 = {
			isa = PBXGroup;
			children = (
				2041FB2E21EED4E500179647 /* Classes */,
				20F0DC1321DEF5C1004DF885 /* tea-mall-ios */,
				20F0DC1221DEF5C1004DF885 /* Products */,
				0B56174B7F64580522EC2F68 /* Pods */,
				2041FB5021EED56700179647 /* Assets.xcassets */,
				FA3CED7DCA19BB4D265F4102 /* Frameworks */,
			);
			sourceTree = "<group>";
		};
		20F0DC1221DEF5C1004DF885 /* Products */ = {
			isa = PBXGroup;
			children = (
				20F0DC1121DEF5C1004DF885 /* tea-mall-ios.app */,
			);
			name = Products;
			sourceTree = "<group>";
		};
		20F0DC1321DEF5C1004DF885 /* tea-mall-ios */ = {
			isa = PBXGroup;
			children = (
				20F0DC1421DEF5C1004DF885 /* AppDelegate.swift */,
				20F0DC1621DEF5C1004DF885 /* ViewController.swift */,
				20F0DC1821DEF5C1004DF885 /* Main.storyboard */,
				20F0DC1B21DEF5C1004DF885 /* Assets.xcassets */,
				20F0DC1D21DEF5C1004DF885 /* LaunchScreen.storyboard */,
				20F0DC2021DEF5C1004DF885 /* Info.plist */,
			);
			path = "tea-mall-ios";
			sourceTree = "<group>";
		};
		FA3CED7DCA19BB4D265F4102 /* Frameworks */ = {
			isa = PBXGroup;
			children = (
				EAE91A4FE9428EA7942FCF8F /* Pods_tea_mall_ios.framework */,
			);
			name = Frameworks;
			sourceTree = "<group>";
		};
/* End PBXGroup section */

/* Begin PBXNativeTarget section */
		20F0DC1021DEF5C1004DF885 /* tea-mall-ios */ = {
			isa = PBXNativeTarget;
			buildConfigurationList = 20F0DC2321DEF5C1004DF885 /* Build configuration list for PBXNativeTarget "tea-mall-ios" */;
			buildPhases = (
				02631880F087704693DEAF26 /* [CP] Check Pods Manifest.lock */,
				20F0DC0D21DEF5C1004DF885 /* Sources */,
				20F0DC0E21DEF5C1004DF885 /* Frameworks */,
				20F0DC0F21DEF5C1004DF885 /* Resources */,
				FAF82F643F0D7A44796E3A9E /* [CP] Embed Pods Frameworks */,
				DFD887AD57D7956BAAADFBB7 /* [CP] Copy Pods Resources */,
			);
			buildRules = (
			);
			dependencies = (
			);
			name = "tea-mall-ios";
			productName = "tea-mall-ios";
			productReference = 20F0DC1121DEF5C1004DF885 /* tea-mall-ios.app */;
			productType = "com.apple.product-type.application";
		};
/* End PBXNativeTarget section */

/* Begin PBXProject section */
		20F0DC0921DEF5C1004DF885 /* Project object */ = {
			isa = PBXProject;
			attributes = {
				LastSwiftUpdateCheck = 0920;
				LastUpgradeCheck = 0920;
				ORGANIZATIONNAME = lovecross;
				TargetAttributes = {
					20F0DC1021DEF5C1004DF885 = {
						CreatedOnToolsVersion = 9.2;
						ProvisioningStyle = Automatic;
					};
				};
			};
			buildConfigurationList = 20F0DC0C21DEF5C1004DF885 /* Build configuration list for PBXProject "tea-mall-ios" */;
			compatibilityVersion = "Xcode 8.0";
			developmentRegion = en;
			hasScannedForEncodings = 0;
			knownRegions = (
				en,
				Base,
			);
			mainGroup = 20F0DC0821DEF5C1004DF885;
			productRefGroup = 20F0DC1221DEF5C1004DF885 /* Products */;
			projectDirPath = "";
			projectRoot = "";
			targets = (
				20F0DC1021DEF5C1004DF885 /* tea-mall-ios */,
			);
		};
/* End PBXProject section */

/* Begin PBXResourcesBuildPhase section */
		20F0DC0F21DEF5C1004DF885 /* Resources */ = {
			isa = PBXResourcesBuildPhase;
			buildActionMask = 2147483647;
			files = (
				20F0DC1F21DEF5C1004DF885 /* LaunchScreen.storyboard in Resources */,
				2041FB4621EED4E500179647 /* NextHomeViewController.xib in Resources */,
				20F0DC1A21DEF5C1004DF885 /* Main.storyboard in Resources */,
				2041FB5121EED56700179647 /* Assets.xcassets in Resources */,
			);
			runOnlyForDeploymentPostprocessing = 0;
		};
/* End PBXResourcesBuildPhase section */

/* Begin PBXShellScriptBuildPhase section */
		02631880F087704693DEAF26 /* [CP] Check Pods Manifest.lock */ = {
			isa = PBXShellScriptBuildPhase;
			buildActionMask = 2147483647;
			files = (
			);
			inputPaths = (
				"${PODS_PODFILE_DIR_PATH}/Podfile.lock",
				"${PODS_ROOT}/Manifest.lock",
			);
			name = "[CP] Check Pods Manifest.lock";
			outputPaths = (
				"$(DERIVED_FILE_DIR)/Pods-tea-mall-ios-checkManifestLockResult.txt",
			);
			runOnlyForDeploymentPostprocessing = 0;
			shellPath = /bin/sh;
			shellScript = "diff \"${PODS_PODFILE_DIR_PATH}/Podfile.lock\" \"${PODS_ROOT}/Manifest.lock\" > /dev/null\nif [ $? != 0 ] ; then\n    # print error to STDERR\n    echo \"error: The sandbox is not in sync with the Podfile.lock. Run 'pod install' or update your CocoaPods installation.\" >&2\n    exit 1\nfi\n# This output is used by Xcode 'outputs' to avoid re-running this script phase.\necho \"SUCCESS\" > \"${SCRIPT_OUTPUT_FILE_0}\"\n";
			showEnvVarsInLog = 0;
		};
		DFD887AD57D7956BAAADFBB7 /* [CP] Copy Pods Resources */ = {
			isa = PBXShellScriptBuildPhase;
			buildActionMask = 2147483647;
			files = (
			);
			inputPaths = (
			);
			name = "[CP] Copy Pods Resources";
			outputPaths = (
			);
			runOnlyForDeploymentPostprocessing = 0;
			shellPath = /bin/sh;
			shellScript = "\"${SRCROOT}/Pods/Target Support Files/Pods-tea-mall-ios/Pods-tea-mall-ios-resources.sh\"\n";
			showEnvVarsInLog = 0;
		};
		FAF82F643F0D7A44796E3A9E /* [CP] Embed Pods Frameworks */ = {
			isa = PBXShellScriptBuildPhase;
			buildActionMask = 2147483647;
			files = (
			);
			inputPaths = (
				"${SRCROOT}/Pods/Target Support Files/Pods-tea-mall-ios/Pods-tea-mall-ios-frameworks.sh",
				"${BUILT_PRODUCTS_DIR}/Alamofire/Alamofire.framework",
				"${BUILT_PRODUCTS_DIR}/CYLTabBarController/CYLTabBarController.framework",
			);
			name = "[CP] Embed Pods Frameworks";
			outputPaths = (
				"${TARGET_BUILD_DIR}/${FRAMEWORKS_FOLDER_PATH}/Alamofire.framework",
				"${TARGET_BUILD_DIR}/${FRAMEWORKS_FOLDER_PATH}/CYLTabBarController.framework",
			);
			runOnlyForDeploymentPostprocessing = 0;
			shellPath = /bin/sh;
			shellScript = "\"${SRCROOT}/Pods/Target Support Files/Pods-tea-mall-ios/Pods-tea-mall-ios-frameworks.sh\"\n";
			showEnvVarsInLog = 0;
		};
/* End PBXShellScriptBuildPhase section */

/* Begin PBXSourcesBuildPhase section */
		20F0DC0D21DEF5C1004DF885 /* Sources */ = {
			isa = PBXSourcesBuildPhase;
			buildActionMask = 2147483647;
			files = (
				2041FB4521EED4E500179647 /* HomeViewController.swift in Sources */,
				2041FB4F21EED4E500179647 /* CYLPlusButtonSubclass.swift in Sources */,
				2041FB4721EED4E500179647 /* ConnectionViewController.swift in Sources */,
				2041FB4321EED4E500179647 /* PersonalViewController.swift in Sources */,
				2041FB4821EED4E500179647 /* ViewController.swift in Sources */,
				2041FB4A21EED4E500179647 /* ColorExtensions.swift in Sources */,
				2041FB4421EED4E500179647 /* NextHomeViewController.swift in Sources */,
				2041FB4E21EED4E500179647 /* MainTabBarController.swift in Sources */,
				2041FB4C21EED4E500179647 /* MessageViewController.swift in Sources */,
				2041FB4D21EED4E500179647 /* PublishViewController.swift in Sources */,
				2041FB4B21EED4E500179647 /* AppDelegate.swift in Sources */,
				2041FB4921EED4E500179647 /* UIColor+Extension.swift in Sources */,
			);
			runOnlyForDeploymentPostprocessing = 0;
		};
/* End PBXSourcesBuildPhase section */

/* Begin PBXVariantGroup section */
		20F0DC1821DEF5C1004DF885 /* Main.storyboard */ = {
			isa = PBXVariantGroup;
			children = (
				20F0DC1921DEF5C1004DF885 /* Base */,
			);
			name = Main.storyboard;
			sourceTree = "<group>";
		};
		20F0DC1D21DEF5C1004DF885 /* LaunchScreen.storyboard */ = {
			isa = PBXVariantGroup;
			children = (
				20F0DC1E21DEF5C1004DF885 /* Base */,
			);
			name = LaunchScreen.storyboard;
			sourceTree = "<group>";
		};
/* End PBXVariantGroup section */

/* Begin XCBuildConfiguration section */
		20F0DC2121DEF5C1004DF885 /* Debug */ = {
			isa = XCBuildConfiguration;
			buildSettings = {
				ALWAYS_SEARCH_USER_PATHS = NO;
				CLANG_ANALYZER_NONNULL = YES;
				CLANG_ANALYZER_NUMBER_OBJECT_CONVERSION = YES_AGGRESSIVE;
				CLANG_CXX_LANGUAGE_STANDARD = "gnu++14";
				CLANG_CXX_LIBRARY = "libc++";
				CLANG_ENABLE_MODULES = YES;
				CLANG_ENABLE_OBJC_ARC = YES;
				CLANG_WARN_BLOCK_CAPTURE_AUTORELEASING = YES;
				CLANG_WARN_BOOL_CONVERSION = YES;
				CLANG_WARN_COMMA = YES;
				CLANG_WARN_CONSTANT_CONVERSION = YES;
				CLANG_WARN_DIRECT_OBJC_ISA_USAGE = YES_ERROR;
				CLANG_WARN_DOCUMENTATION_COMMENTS = YES;
				CLANG_WARN_EMPTY_BODY = YES;
				CLANG_WARN_ENUM_CONVERSION = YES;
				CLANG_WARN_INFINITE_RECURSION = YES;
				CLANG_WARN_INT_CONVERSION = YES;
				CLANG_WARN_NON_LITERAL_NULL_CONVERSION = YES;
				CLANG_WARN_OBJC_LITERAL_CONVERSION = YES;
				CLANG_WARN_OBJC_ROOT_CLASS = YES_ERROR;
				CLANG_WARN_RANGE_LOOP_ANALYSIS = YES;
				CLANG_WARN_STRICT_PROTOTYPES = YES;
				CLANG_WARN_SUSPICIOUS_MOVE = YES;
				CLANG_WARN_UNGUARDED_AVAILABILITY = YES_AGGRESSIVE;
				CLANG_WARN_UNREACHABLE_CODE = YES;
				CLANG_WARN__DUPLICATE_METHOD_MATCH = YES;
				CODE_SIGN_IDENTITY = "iPhone Developer";
				COPY_PHASE_STRIP = NO;
				DEBUG_INFORMATION_FORMAT = dwarf;
				ENABLE_STRICT_OBJC_MSGSEND = YES;
				ENABLE_TESTABILITY = YES;
				GCC_C_LANGUAGE_STANDARD = gnu11;
				GCC_DYNAMIC_NO_PIC = NO;
				GCC_NO_COMMON_BLOCKS = YES;
				GCC_OPTIMIZATION_LEVEL = 0;
				GCC_PREPROCESSOR_DEFINITIONS = (
					"DEBUG=1",
					"$(inherited)",
				);
				GCC_WARN_64_TO_32_BIT_CONVERSION = YES;
				GCC_WARN_ABOUT_RETURN_TYPE = YES_ERROR;
				GCC_WARN_UNDECLARED_SELECTOR = YES;
				GCC_WARN_UNINITIALIZED_AUTOS = YES_AGGRESSIVE;
				GCC_WARN_UNUSED_FUNCTION = YES;
				GCC_WARN_UNUSED_VARIABLE = YES;
				IPHONEOS_DEPLOYMENT_TARGET = 11.2;
				MTL_ENABLE_DEBUG_INFO = YES;
				ONLY_ACTIVE_ARCH = YES;
				SDKROOT = iphoneos;
				SWIFT_ACTIVE_COMPILATION_CONDITIONS = DEBUG;
				SWIFT_OPTIMIZATION_LEVEL = "-Onone";
			};
			name = Debug;
		};
		20F0DC2221DEF5C1004DF885 /* Release */ = {
			isa = XCBuildConfiguration;
			buildSettings = {
				ALWAYS_SEARCH_USER_PATHS = NO;
				CLANG_ANALYZER_NONNULL = YES;
				CLANG_ANALYZER_NUMBER_OBJECT_CONVERSION = YES_AGGRESSIVE;
				CLANG_CXX_LANGUAGE_STANDARD = "gnu++14";
				CLANG_CXX_LIBRARY = "libc++";
				CLANG_ENABLE_MODULES = YES;
				CLANG_ENABLE_OBJC_ARC = YES;
				CLANG_WARN_BLOCK_CAPTURE_AUTORELEASING = YES;
				CLANG_WARN_BOOL_CONVERSION = YES;
				CLANG_WARN_COMMA = YES;
				CLANG_WARN_CONSTANT_CONVERSION = YES;
				CLANG_WARN_DIRECT_OBJC_ISA_USAGE = YES_ERROR;
				CLANG_WARN_DOCUMENTATION_COMMENTS = YES;
				CLANG_WARN_EMPTY_BODY = YES;
				CLANG_WARN_ENUM_CONVERSION = YES;
				CLANG_WARN_INFINITE_RECURSION = YES;
				CLANG_WARN_INT_CONVERSION = YES;
				CLANG_WARN_NON_LITERAL_NULL_CONVERSION = YES;
				CLANG_WARN_OBJC_LITERAL_CONVERSION = YES;
				CLANG_WARN_OBJC_ROOT_CLASS = YES_ERROR;
				CLANG_WARN_RANGE_LOOP_ANALYSIS = YES;
				CLANG_WARN_STRICT_PROTOTYPES = YES;
				CLANG_WARN_SUSPICIOUS_MOVE = YES;
				CLANG_WARN_UNGUARDED_AVAILABILITY = YES_AGGRESSIVE;
				CLANG_WARN_UNREACHABLE_CODE = YES;
				CLANG_WARN__DUPLICATE_METHOD_MATCH = YES;
				CODE_SIGN_IDENTITY = "iPhone Developer";
				COPY_PHASE_STRIP = NO;
				DEBUG_INFORMATION_FORMAT = "dwarf-with-dsym";
				ENABLE_NS_ASSERTIONS = NO;
				ENABLE_STRICT_OBJC_MSGSEND = YES;
				GCC_C_LANGUAGE_STANDARD = gnu11;
				GCC_NO_COMMON_BLOCKS = YES;
				GCC_WARN_64_TO_32_BIT_CONVERSION = YES;
				GCC_WARN_ABOUT_RETURN_TYPE = YES_ERROR;
				GCC_WARN_UNDECLARED_SELECTOR = YES;
				GCC_WARN_UNINITIALIZED_AUTOS = YES_AGGRESSIVE;
				GCC_WARN_UNUSED_FUNCTION = YES;
				GCC_WARN_UNUSED_VARIABLE = YES;
				IPHONEOS_DEPLOYMENT_TARGET = 11.2;
				MTL_ENABLE_DEBUG_INFO = NO;
				SDKROOT = iphoneos;
				SWIFT_OPTIMIZATION_LEVEL = "-Owholemodule";
				VALIDATE_PRODUCT = YES;
			};
			name = Release;
		};
		20F0DC2421DEF5C1004DF885 /* Debug */ = {
			isa = XCBuildConfiguration;
			baseConfigurationReference = 202188A04F28AE8E62C6C41B /* Pods-tea-mall-ios.debug.xcconfig */;
			buildSettings = {
				ASSETCATALOG_COMPILER_APPICON_NAME = AppIcon;
				CODE_SIGN_STYLE = Automatic;
				DEVELOPMENT_TEAM = VE3N87A48U;
				INFOPLIST_FILE = "tea-mall-ios/Info.plist";
				IPHONEOS_DEPLOYMENT_TARGET = 9.0;
				LD_RUNPATH_SEARCH_PATHS = "$(inherited) @executable_path/Frameworks";
				PRODUCT_BUNDLE_IDENTIFIER = com.teamodel.teamodel;
				PRODUCT_NAME = "$(TARGET_NAME)";
				SWIFT_VERSION = 4.0;
				TARGETED_DEVICE_FAMILY = 1;
			};
			name = Debug;
		};
		20F0DC2521DEF5C1004DF885 /* Release */ = {
			isa = XCBuildConfiguration;
			baseConfigurationReference = 4D0FC27DF88F54318851FF63 /* Pods-tea-mall-ios.release.xcconfig */;
			buildSettings = {
				ASSETCATALOG_COMPILER_APPICON_NAME = AppIcon;
				CODE_SIGN_STYLE = Automatic;
				DEVELOPMENT_TEAM = VE3N87A48U;
				INFOPLIST_FILE = "tea-mall-ios/Info.plist";
				IPHONEOS_DEPLOYMENT_TARGET = 9.0;
				LD_RUNPATH_SEARCH_PATHS = "$(inherited) @executable_path/Frameworks";
				PRODUCT_BUNDLE_IDENTIFIER = com.teamodel.teamodel;
				PRODUCT_NAME = "$(TARGET_NAME)";
				SWIFT_VERSION = 4.0;
				TARGETED_DEVICE_FAMILY = 1;
			};
			name = Release;
		};
/* End XCBuildConfiguration section */

/* Begin XCConfigurationList section */
		20F0DC0C21DEF5C1004DF885 /* Build configuration list for PBXProject "tea-mall-ios" */ = {
			isa = XCConfigurationList;
			buildConfigurations = (
				20F0DC2121DEF5C1004DF885 /* Debug */,
				20F0DC2221DEF5C1004DF885 /* Release */,
			);
			defaultConfigurationIsVisible = 0;
			defaultConfigurationName = Release;
		};
		20F0DC2321DEF5C1004DF885 /* Build configuration list for PBXNativeTarget "tea-mall-ios" */ = {
			isa = XCConfigurationList;
			buildConfigurations = (
				20F0DC2421DEF5C1004DF885 /* Debug */,
				20F0DC2521DEF5C1004DF885 /* Release */,
			);
			defaultConfigurationIsVisible = 0;
			defaultConfigurationName = Release;
		};
/* End XCConfigurationList section */
	};
	rootObject = 20F0DC0921DEF5C1004DF885 /* Project object */;
}
