PODS:
<<<<<<< HEAD
  - Alamofire (4.6.0)
  - CYLTabBarController (1.17.6)
  - SnapKit (4.0.0)
=======
  - Alamofire (4.5.1)
  - CYLTabBarController (1.14.2)
>>>>>>> edafd70869b95121440152e3c4648d44d6a44e3b

DEPENDENCIES:
  - Alamofire
  - CYLTabBarController
  - SnapKit

SPEC CHECKSUMS:
<<<<<<< HEAD
  Alamofire: f41a599bd63041760b26d393ec1069d9d7b917f4
  CYLTabBarController: c374643dea6dadece8bdff9c70f7387f8ffd7d08
  SnapKit: a42d492c16e80209130a3379f73596c3454b7694
=======
  Alamofire: 2d95912bf4c34f164fdfc335872e8c312acaea4a
  CYLTabBarController: 5eac1940e20aa934a609ecec38837da63a41dcfe
>>>>>>> edafd70869b95121440152e3c4648d44d6a44e3b

PODFILE CHECKSUM: f4639fafcce39fa82017fc1d0537e6013e4ee759

COCOAPODS: 1.1.1
