PODS:
  - Alamofire (4.5.1)
  - CYLTabBarController (1.14.2)

DEPENDENCIES:
  - Alamofire
  - CYLTabBarController

SPEC CHECKSUMS:
  Alamofire: 2d95912bf4c34f164fdfc335872e8c312acaea4a
  CYLTabBarController: 5eac1940e20aa934a609ecec38837da63a41dcfe

PODFILE CHECKSUM: 1c55da5a1610ecfc116ca14f4fb8215043173b31

COCOAPODS: 1.1.1
